// !$*UTF8*$!
{
	archiveVersion = 1;
	classes = {
	};
	objectVersion = 56;
	objects = {

/* Begin PBXBuildFile section */
		B01E099C29F23BB300012A92 /* AppDelegate.swift in Sources */ = {isa = PBXBuildFile; fileRef = B01E099B29F23BB300012A92 /* AppDelegate.swift */; };
		B01E099E29F23BB300012A92 /* SceneDelegate.swift in Sources */ = {isa = PBXBuildFile; fileRef = B01E099D29F23BB300012A92 /* SceneDelegate.swift */; };
		B01E09A029F23BB300012A92 /* ViewController.swift in Sources */ = {isa = PBXBuildFile; fileRef = B01E099F29F23BB300012A92 /* ViewController.swift */; };
		B01E09A329F23BB300012A92 /* Main.storyboard in Resources */ = {isa = PBXBuildFile; fileRef = B01E09A129F23BB300012A92 /* Main.storyboard */; };
		B01E09A529F23BB400012A92 /* Assets.xcassets in Resources */ = {isa = PBXBuildFile; fileRef = B01E09A429F23BB400012A92 /* Assets.xcassets */; };
		B01E09A829F23BB400012A92 /* LaunchScreen.storyboard in Resources */ = {isa = PBXBuildFile; fileRef = B01E09A629F23BB400012A92 /* LaunchScreen.storyboard */; };
		B01E09B329F23BB400012A92 /* MEALTests.swift in Sources */ = {isa = PBXBuildFile; fileRef = B01E09B229F23BB400012A92 /* MEALTests.swift */; };
		B01E09BD29F23BB400012A92 /* MEALUITests.swift in Sources */ = {isa = PBXBuildFile; fileRef = B01E09BC29F23BB400012A92 /* MEALUITests.swift */; };
		B01E09BF29F23BB400012A92 /* MEALUITestsLaunchTests.swift in Sources */ = {isa = PBXBuildFile; fileRef = B01E09BE29F23BB400012A92 /* MEALUITestsLaunchTests.swift */; };
/* End PBXBuildFile section */

/* Begin PBXContainerItemProxy section */
		B01E09AF29F23BB400012A92 /* PBXContainerItemProxy */ = {
			isa = PBXContainerItemProxy;
			containerPortal = B01E099029F23BB300012A92 /* Project object */;
			proxyType = 1;
			remoteGlobalIDString = B01E099729F23BB300012A92;
			remoteInfo = MEAL;
		};
		B01E09B929F23BB400012A92 /* PBXContainerItemProxy */ = {
			isa = PBXContainerItemProxy;
			containerPortal = B01E099029F23BB300012A92 /* Project object */;
			proxyType = 1;
			remoteGlobalIDString = B01E099729F23BB300012A92;
			remoteInfo = MEAL;
		};
/* End PBXContainerItemProxy section */

/* Begin PBXFileReference section */
		B01E099829F23BB300012A92 /* MEAL.app */ = {isa = PBXFileReference; explicitFileType = wrapper.application; includeInIndex = 0; path = MEAL.app; sourceTree = BUILT_PRODUCTS_DIR; };
		B01E099B29F23BB300012A92 /* AppDelegate.swift */ = {isa = PBXFileReference; lastKnownFileType = sourcecode.swift; path = AppDelegate.swift; sourceTree = "<group>"; };
		B01E099D29F23BB300012A92 /* SceneDelegate.swift */ = {isa = PBXFileReference; lastKnownFileType = sourcecode.swift; path = SceneDelegate.swift; sourceTree = "<group>"; };
		B01E099F29F23BB300012A92 /* ViewController.swift */ = {isa = PBXFileReference; lastKnownFileType = sourcecode.swift; path = ViewController.swift; sourceTree = "<group>"; };
		B01E09A229F23BB300012A92 /* Base */ = {isa = PBXFileReference; lastKnownFileType = file.storyboard; name = Base; path = Base.lproj/Main.storyboard; sourceTree = "<group>"; };
		B01E09A429F23BB400012A92 /* Assets.xcassets */ = {isa = PBXFileReference; lastKnownFileType = folder.assetcatalog; path = Assets.xcassets; sourceTree = "<group>"; };
		B01E09A729F23BB400012A92 /* Base */ = {isa = PBXFileReference; lastKnownFileType = file.storyboard; name = Base; path = Base.lproj/LaunchScreen.storyboard; sourceTree = "<group>"; };
		B01E09A929F23BB400012A92 /* Info.plist */ = {isa = PBXFileReference; lastKnownFileType = text.plist.xml; path = Info.plist; sourceTree = "<group>"; };
		B01E09AE29F23BB400012A92 /* MEALTests.xctest */ = {isa = PBXFileReference; explicitFileType = wrapper.cfbundle; includeInIndex = 0; path = MEALTests.xctest; sourceTree = BUILT_PRODUCTS_DIR; };
		B01E09B229F23BB400012A92 /* MEALTests.swift */ = {isa = PBXFileReference; lastKnownFileType = sourcecode.swift; path = MEALTests.swift; sourceTree = "<group>"; };
		B01E09B829F23BB400012A92 /* MEALUITests.xctest */ = {isa = PBXFileReference; explicitFileType = wrapper.cfbundle; includeInIndex = 0; path = MEALUITests.xctest; sourceTree = BUILT_PRODUCTS_DIR; };
		B01E09BC29F23BB400012A92 /* MEALUITests.swift */ = {isa = PBXFileReference; lastKnownFileType = sourcecode.swift; path = MEALUITests.swift; sourceTree = "<group>"; };
		B01E09BE29F23BB400012A92 /* MEALUITestsLaunchTests.swift */ = {isa = PBXFileReference; lastKnownFileType = sourcecode.swift; path = MEALUITestsLaunchTests.swift; sourceTree = "<group>"; };
/* End PBXFileReference section */

/* Begin PBXFrameworksBuildPhase section */
		B01E099529F23BB300012A92 /* Frameworks */ = {
			isa = PBXFrameworksBuildPhase;
			buildActionMask = 2147483647;
			files = (
			);
			runOnlyForDeploymentPostprocessing = 0;
		};
		B01E09AB29F23BB400012A92 /* Frameworks */ = {
			isa = PBXFrameworksBuildPhase;
			buildActionMask = 2147483647;
			files = (
			);
			runOnlyForDeploymentPostprocessing = 0;
		};
		B01E09B529F23BB400012A92 /* Frameworks */ = {
			isa = PBXFrameworksBuildPhase;
			buildActionMask = 2147483647;
			files = (
			);
			runOnlyForDeploymentPostprocessing = 0;
		};
/* End PBXFrameworksBuildPhase section */

/* Begin PBXGroup section */
		B01E098F29F23BB300012A92 = {
			isa = PBXGroup;
			children = (
				B01E099A29F23BB300012A92 /* MEAL */,
				B01E09B129F23BB400012A92 /* MEALTests */,
				B01E09BB29F23BB400012A92 /* MEALUITests */,
				B01E099929F23BB300012A92 /* Products */,
			);
			sourceTree = "<group>";
		};
		B01E099929F23BB300012A92 /* Products */ = {
			isa = PBXGroup;
			children = (
				B01E099829F23BB300012A92 /* MEAL.app */,
				B01E09AE29F23BB400012A92 /* MEALTests.xctest */,
				B01E09B829F23BB400012A92 /* MEALUITests.xctest */,
			);
			name = Products;
			sourceTree = "<group>";
		};
		B01E099A29F23BB300012A92 /* MEAL */ = {
			isa = PBXGroup;
			children = (
				B01E099B29F23BB300012A92 /* AppDelegate.swift */,
				B01E099D29F23BB300012A92 /* SceneDelegate.swift */,
				B01E099F29F23BB300012A92 /* ViewController.swift */,
				B01E09A129F23BB300012A92 /* Main.storyboard */,
				B01E09A429F23BB400012A92 /* Assets.xcassets */,
				B01E09A629F23BB400012A92 /* LaunchScreen.storyboard */,
				B01E09A929F23BB400012A92 /* Info.plist */,
			);
			path = MEAL;
			sourceTree = "<group>";
		};
		B01E09B129F23BB400012A92 /* MEALTests */ = {
			isa = PBXGroup;
			children = (
				B01E09B229F23BB400012A92 /* MEALTests.swift */,
			);
			path = MEALTests;
			sourceTree = "<group>";
		};
		B01E09BB29F23BB400012A92 /* MEALUITests */ = {
			isa = PBXGroup;
			children = (
				B01E09BC29F23BB400012A92 /* MEALUITests.swift */,
				B01E09BE29F23BB400012A92 /* MEALUITestsLaunchTests.swift */,
			);
			path = MEALUITests;
			sourceTree = "<group>";
		};
/* End PBXGroup section */

/* Begin PBXNativeTarget section */
		B01E099729F23BB300012A92 /* MEAL */ = {
			isa = PBXNativeTarget;
			buildConfigurationList = B01E09C229F23BB400012A92 /* Build configuration list for PBXNativeTarget "MEAL" */;
			buildPhases = (
				B01E099429F23BB300012A92 /* Sources */,
				B01E099529F23BB300012A92 /* Frameworks */,
				B01E099629F23BB300012A92 /* Resources */,
			);
			buildRules = (
			);
			dependencies = (
			);
			name = MEAL;
			productName = MEAL;
			productReference = B01E099829F23BB300012A92 /* MEAL.app */;
			productType = "com.apple.product-type.application";
		};
		B01E09AD29F23BB400012A92 /* MEALTests */ = {
			isa = PBXNativeTarget;
			buildConfigurationList = B01E09C529F23BB400012A92 /* Build configuration list for PBXNativeTarget "MEALTests" */;
			buildPhases = (
				B01E09AA29F23BB400012A92 /* Sources */,
				B01E09AB29F23BB400012A92 /* Frameworks */,
				B01E09AC29F23BB400012A92 /* Resources */,
			);
			buildRules = (
			);
			dependencies = (
				B01E09B029F23BB400012A92 /* PBXTargetDependency */,
			);
			name = MEALTests;
			productName = MEALTests;
			productReference = B01E09AE29F23BB400012A92 /* MEALTests.xctest */;
			productType = "com.apple.product-type.bundle.unit-test";
		};
		B01E09B729F23BB400012A92 /* MEALUITests */ = {
			isa = PBXNativeTarget;
			buildConfigurationList = B01E09C829F23BB400012A92 /* Build configuration list for PBXNativeTarget "MEALUITests" */;
			buildPhases = (
				B01E09B429F23BB400012A92 /* Sources */,
				B01E09B529F23BB400012A92 /* Frameworks */,
				B01E09B629F23BB400012A92 /* Resources */,
			);
			buildRules = (
			);
			dependencies = (
				B01E09BA29F23BB400012A92 /* PBXTargetDependency */,
			);
			name = MEALUITests;
			productName = MEALUITests;
			productReference = B01E09B829F23BB400012A92 /* MEALUITests.xctest */;
			productType = "com.apple.product-type.bundle.ui-testing";
		};
/* End PBXNativeTarget section */

/* Begin PBXProject section */
		B01E099029F23BB300012A92 /* Project object */ = {
			isa = PBXProject;
			attributes = {
				BuildIndependentTargetsInParallel = 1;
				LastSwiftUpdateCheck = 1430;
				LastUpgradeCheck = 1430;
				TargetAttributes = {
					B01E099729F23BB300012A92 = {
						CreatedOnToolsVersion = 14.3;
					};
					B01E09AD29F23BB400012A92 = {
						CreatedOnToolsVersion = 14.3;
						TestTargetID = B01E099729F23BB300012A92;
					};
					B01E09B729F23BB400012A92 = {
						CreatedOnToolsVersion = 14.3;
						TestTargetID = B01E099729F23BB300012A92;
					};
				};
			};
			buildConfigurationList = B01E099329F23BB300012A92 /* Build configuration list for PBXProject "MEAL" */;
			compatibilityVersion = "Xcode 14.0";
			developmentRegion = en;
			hasScannedForEncodings = 0;
			knownRegions = (
				en,
				Base,
			);
			mainGroup = B01E098F29F23BB300012A92;
			productRefGroup = B01E099929F23BB300012A92 /* Products */;
			projectDirPath = "";
			projectRoot = "";
			targets = (
				B01E099729F23BB300012A92 /* MEAL */,
				B01E09AD29F23BB400012A92 /* MEALTests */,
				B01E09B729F23BB400012A92 /* MEALUITests */,
			);
		};
/* End PBXProject section */

/* Begin PBXResourcesBuildPhase section */
		B01E099629F23BB300012A92 /* Resources */ = {
			isa = PBXResourcesBuildPhase;
			buildActionMask = 2147483647;
			files = (
				B01E09A829F23BB400012A92 /* LaunchScreen.storyboard in Resources */,
				B01E09A529F23BB400012A92 /* Assets.xcassets in Resources */,
				B01E09A329F23BB300012A92 /* Main.storyboard in Resources */,
			);
			runOnlyForDeploymentPostprocessing = 0;
		};
		B01E09AC29F23BB400012A92 /* Resources */ = {
			isa = PBXResourcesBuildPhase;
			buildActionMask = 2147483647;
			files = (
			);
			runOnlyForDeploymentPostprocessing = 0;
		};
		B01E09B629F23BB400012A92 /* Resources */ = {
			isa = PBXResourcesBuildPhase;
			buildActionMask = 2147483647;
			files = (
			);
			runOnlyForDeploymentPostprocessing = 0;
		};
/* End PBXResourcesBuildPhase section */

/* Begin PBXSourcesBuildPhase section */
		B01E099429F23BB300012A92 /* Sources */ = {
			isa = PBXSourcesBuildPhase;
			buildActionMask = 2147483647;
			files = (
				B01E09A029F23BB300012A92 /* ViewController.swift in Sources */,
				B01E099C29F23BB300012A92 /* AppDelegate.swift in Sources */,
				B01E099E29F23BB300012A92 /* SceneDelegate.swift in Sources */,
			);
			runOnlyForDeploymentPostprocessing = 0;
		};
		B01E09AA29F23BB400012A92 /* Sources */ = {
			isa = PBXSourcesBuildPhase;
			buildActionMask = 2147483647;
			files = (
				B01E09B329F23BB400012A92 /* MEALTests.swift in Sources */,
			);
			runOnlyForDeploymentPostprocessing = 0;
		};
		B01E09B429F23BB400012A92 /* Sources */ = {
			isa = PBXSourcesBuildPhase;
			buildActionMask = 2147483647;
			files = (
				B01E09BD29F23BB400012A92 /* MEALUITests.swift in Sources */,
				B01E09BF29F23BB400012A92 /* MEALUITestsLaunchTests.swift in Sources */,
			);
			runOnlyForDeploymentPostprocessing = 0;
		};
/* End PBXSourcesBuildPhase section */

/* Begin PBXTargetDependency section */
		B01E09B029F23BB400012A92 /* PBXTargetDependency */ = {
			isa = PBXTargetDependency;
			target = B01E099729F23BB300012A92 /* MEAL */;
			targetProxy = B01E09AF29F23BB400012A92 /* PBXContainerItemProxy */;
		};
		B01E09BA29F23BB400012A92 /* PBXTargetDependency */ = {
			isa = PBXTargetDependency;
			target = B01E099729F23BB300012A92 /* MEAL */;
			targetProxy = B01E09B929F23BB400012A92 /* PBXContainerItemProxy */;
		};
/* End PBXTargetDependency section */

/* Begin PBXVariantGroup section */
		B01E09A129F23BB300012A92 /* Main.storyboard */ = {
			isa = PBXVariantGroup;
			children = (
				B01E09A229F23BB300012A92 /* Base */,
			);
			name = Main.storyboard;
			sourceTree = "<group>";
		};
		B01E09A629F23BB400012A92 /* LaunchScreen.storyboard */ = {
			isa = PBXVariantGroup;
			children = (
				B01E09A729F23BB400012A92 /* Base */,
			);
			name = LaunchScreen.storyboard;
			sourceTree = "<group>";
		};
/* End PBXVariantGroup section */

/* Begin XCBuildConfiguration section */
		B01E09C029F23BB400012A92 /* Debug */ = {
			isa = XCBuildConfiguration;
			buildSettings = {
				ALWAYS_SEARCH_USER_PATHS = NO;
				CLANG_ANALYZER_NONNULL = YES;
				CLANG_ANALYZER_NUMBER_OBJECT_CONVERSION = YES_AGGRESSIVE;
				CLANG_CXX_LANGUAGE_STANDARD = "gnu++20";
				CLANG_ENABLE_MODULES = YES;
				CLANG_ENABLE_OBJC_ARC = YES;
				CLANG_ENABLE_OBJC_WEAK = YES;
				CLANG_WARN_BLOCK_CAPTURE_AUTORELEASING = YES;
				CLANG_WARN_BOOL_CONVERSION = YES;
				CLANG_WARN_COMMA = YES;
				CLANG_WARN_CONSTANT_CONVERSION = YES;
				CLANG_WARN_DEPRECATED_OBJC_IMPLEMENTATIONS = YES;
				CLANG_WARN_DIRECT_OBJC_ISA_USAGE = YES_ERROR;
				CLANG_WARN_DOCUMENTATION_COMMENTS = YES;
				CLANG_WARN_EMPTY_BODY = YES;
				CLANG_WARN_ENUM_CONVERSION = YES;
				CLANG_WARN_INFINITE_RECURSION = YES;
				CLANG_WARN_INT_CONVERSION = YES;
				CLANG_WARN_NON_LITERAL_NULL_CONVERSION = YES;
				CLANG_WARN_OBJC_IMPLICIT_RETAIN_SELF = YES;
				CLANG_WARN_OBJC_LITERAL_CONVERSION = YES;
				CLANG_WARN_OBJC_ROOT_CLASS = YES_ERROR;
				CLANG_WARN_QUOTED_INCLUDE_IN_FRAMEWORK_HEADER = YES;
				CLANG_WARN_RANGE_LOOP_ANALYSIS = YES;
				CLANG_WARN_STRICT_PROTOTYPES = YES;
				CLANG_WARN_SUSPICIOUS_MOVE = YES;
				CLANG_WARN_UNGUARDED_AVAILABILITY = YES_AGGRESSIVE;
				CLANG_WARN_UNREACHABLE_CODE = YES;
				CLANG_WARN__DUPLICATE_METHOD_MATCH = YES;
				COPY_PHASE_STRIP = NO;
				DEBUG_INFORMATION_FORMAT = dwarf;
				ENABLE_STRICT_OBJC_MSGSEND = YES;
				ENABLE_TESTABILITY = YES;
				GCC_C_LANGUAGE_STANDARD = gnu11;
				GCC_DYNAMIC_NO_PIC = NO;
				GCC_NO_COMMON_BLOCKS = YES;
				GCC_OPTIMIZATION_LEVEL = 0;
				GCC_PREPROCESSOR_DEFINITIONS = (
					"DEBUG=1",
					"$(inherited)",
				);
				GCC_WARN_64_TO_32_BIT_CONVERSION = YES;
				GCC_WARN_ABOUT_RETURN_TYPE = YES_ERROR;
				GCC_WARN_UNDECLARED_SELECTOR = YES;
				GCC_WARN_UNINITIALIZED_AUTOS = YES_AGGRESSIVE;
				GCC_WARN_UNUSED_FUNCTION = YES;
				GCC_WARN_UNUSED_VARIABLE = YES;
				IPHONEOS_DEPLOYMENT_TARGET = 16.4;
				MTL_ENABLE_DEBUG_INFO = INCLUDE_SOURCE;
				MTL_FAST_MATH = YES;
				ONLY_ACTIVE_ARCH = YES;
				SDKROOT = iphoneos;
				SWIFT_ACTIVE_COMPILATION_CONDITIONS = DEBUG;
				SWIFT_OPTIMIZATION_LEVEL = "-Onone";
			};
			name = Debug;
		};
		B01E09C129F23BB400012A92 /* Release */ = {
			isa = XCBuildConfiguration;
			buildSettings = {
				ALWAYS_SEARCH_USER_PATHS = NO;
				CLANG_ANALYZER_NONNULL = YES;
				CLANG_ANALYZER_NUMBER_OBJECT_CONVERSION = YES_AGGRESSIVE;
				CLANG_CXX_LANGUAGE_STANDARD = "gnu++20";
				CLANG_ENABLE_MODULES = YES;
				CLANG_ENABLE_OBJC_ARC = YES;
				CLANG_ENABLE_OBJC_WEAK = YES;
				CLANG_WARN_BLOCK_CAPTURE_AUTORELEASING = YES;
				CLANG_WARN_BOOL_CONVERSION = YES;
				CLANG_WARN_COMMA = YES;
				CLANG_WARN_CONSTANT_CONVERSION = YES;
				CLANG_WARN_DEPRECATED_OBJC_IMPLEMENTATIONS = YES;
				CLANG_WARN_DIRECT_OBJC_ISA_USAGE = YES_ERROR;
				CLANG_WARN_DOCUMENTATION_COMMENTS = YES;
				CLANG_WARN_EMPTY_BODY = YES;
				CLANG_WARN_ENUM_CONVERSION = YES;
				CLANG_WARN_INFINITE_RECURSION = YES;
				CLANG_WARN_INT_CONVERSION = YES;
				CLANG_WARN_NON_LITERAL_NULL_CONVERSION = YES;
				CLANG_WARN_OBJC_IMPLICIT_RETAIN_SELF = YES;
				CLANG_WARN_OBJC_LITERAL_CONVERSION = YES;
				CLANG_WARN_OBJC_ROOT_CLASS = YES_ERROR;
				CLANG_WARN_QUOTED_INCLUDE_IN_FRAMEWORK_HEADER = YES;
				CLANG_WARN_RANGE_LOOP_ANALYSIS = YES;
				CLANG_WARN_STRICT_PROTOTYPES = YES;
				CLANG_WARN_SUSPICIOUS_MOVE = YES;
				CLANG_WARN_UNGUARDED_AVAILABILITY = YES_AGGRESSIVE;
				CLANG_WARN_UNREACHABLE_CODE = YES;
				CLANG_WARN__DUPLICATE_METHOD_MATCH = YES;
				COPY_PHASE_STRIP = NO;
				DEBUG_INFORMATION_FORMAT = "dwarf-with-dsym";
				ENABLE_NS_ASSERTIONS = NO;
				ENABLE_STRICT_OBJC_MSGSEND = YES;
				GCC_C_LANGUAGE_STANDARD = gnu11;
				GCC_NO_COMMON_BLOCKS = YES;
				GCC_WARN_64_TO_32_BIT_CONVERSION = YES;
				GCC_WARN_ABOUT_RETURN_TYPE = YES_ERROR;
				GCC_WARN_UNDECLARED_SELECTOR = YES;
				GCC_WARN_UNINITIALIZED_AUTOS = YES_AGGRESSIVE;
				GCC_WARN_UNUSED_FUNCTION = YES;
				GCC_WARN_UNUSED_VARIABLE = YES;
				IPHONEOS_DEPLOYMENT_TARGET = 16.4;
				MTL_ENABLE_DEBUG_INFO = NO;
				MTL_FAST_MATH = YES;
				SDKROOT = iphoneos;
				SWIFT_COMPILATION_MODE = wholemodule;
				SWIFT_OPTIMIZATION_LEVEL = "-O";
				VALIDATE_PRODUCT = YES;
			};
			name = Release;
		};
		B01E09C329F23BB400012A92 /* Debug */ = {
			isa = XCBuildConfiguration;
			buildSettings = {
				ASSETCATALOG_COMPILER_APPICON_NAME = AppIcon;
				ASSETCATALOG_COMPILER_GLOBAL_ACCENT_COLOR_NAME = AccentColor;
				CODE_SIGN_STYLE = Automatic;
				CURRENT_PROJECT_VERSION = 1;
				GENERATE_INFOPLIST_FILE = YES;
				INFOPLIST_FILE = MEAL/Info.plist;
				INFOPLIST_KEY_UIApplicationSupportsIndirectInputEvents = YES;
				INFOPLIST_KEY_UILaunchStoryboardName = LaunchScreen;
				INFOPLIST_KEY_UIMainStoryboardFile = Main;
				INFOPLIST_KEY_UISupportedInterfaceOrientations_iPad = "UIInterfaceOrientationPortrait UIInterfaceOrientationPortraitUpsideDown UIInterfaceOrientationLandscapeLeft UIInterfaceOrientationLandscapeRight";
				INFOPLIST_KEY_UISupportedInterfaceOrientations_iPhone = "UIInterfaceOrientationPortrait UIInterfaceOrientationLandscapeLeft UIInterfaceOrientationLandscapeRight";
				LD_RUNPATH_SEARCH_PATHS = (
					"$(inherited)",
					"@executable_path/Frameworks",
				);
				MARKETING_VERSION = 1.0;
				PRODUCT_BUNDLE_IDENTIFIER = com.meal.MEAL;
				PRODUCT_NAME = "$(TARGET_NAME)";
				SWIFT_EMIT_LOC_STRINGS = YES;
				SWIFT_VERSION = 5.0;
				TARGETED_DEVICE_FAMILY = "1,2";
			};
			name = Debug;
		};
		B01E09C429F23BB400012A92 /* Release */ = {
			isa = XCBuildConfiguration;
			buildSettings = {
				ASSETCATALOG_COMPILER_APPICON_NAME = AppIcon;
				ASSETCATALOG_COMPILER_GLOBAL_ACCENT_COLOR_NAME = AccentColor;
				CODE_SIGN_STYLE = Automatic;
				CURRENT_PROJECT_VERSION = 1;
				GENERATE_INFOPLIST_FILE = YES;
				INFOPLIST_FILE = MEAL/Info.plist;
				INFOPLIST_KEY_UIApplicationSupportsIndirectInputEvents = YES;
				INFOPLIST_KEY_UILaunchStoryboardName = LaunchScreen;
				INFOPLIST_KEY_UIMainStoryboardFile = Main;
				INFOPLIST_KEY_UISupportedInterfaceOrientations_iPad = "UIInterfaceOrientationPortrait UIInterfaceOrientationPortraitUpsideDown UIInterfaceOrientationLandscapeLeft UIInterfaceOrientationLandscapeRight";
				INFOPLIST_KEY_UISupportedInterfaceOrientations_iPhone = "UIInterfaceOrientationPortrait UIInterfaceOrientationLandscapeLeft UIInterfaceOrientationLandscapeRight";
				LD_RUNPATH_SEARCH_PATHS = (
					"$(inherited)",
					"@executable_path/Frameworks",
				);
				MARKETING_VERSION = 1.0;
				PRODUCT_BUNDLE_IDENTIFIER = com.meal.MEAL;
				PRODUCT_NAME = "$(TARGET_NAME)";
				SWIFT_EMIT_LOC_STRINGS = YES;
				SWIFT_VERSION = 5.0;
				TARGETED_DEVICE_FAMILY = "1,2";
			};
			name = Release;
		};
		B01E09C629F23BB400012A92 /* Debug */ = {
			isa = XCBuildConfiguration;
			buildSettings = {
				ALWAYS_EMBED_SWIFT_STANDARD_LIBRARIES = YES;
				BUNDLE_LOADER = "$(TEST_HOST)";
				CODE_SIGN_STYLE = Automatic;
				CURRENT_PROJECT_VERSION = 1;
				GENERATE_INFOPLIST_FILE = YES;
				IPHONEOS_DEPLOYMENT_TARGET = 16.4;
				MARKETING_VERSION = 1.0;
				PRODUCT_BUNDLE_IDENTIFIER = com.meal.MEALTests;
				PRODUCT_NAME = "$(TARGET_NAME)";
				SWIFT_EMIT_LOC_STRINGS = NO;
				SWIFT_VERSION = 5.0;
				TARGETED_DEVICE_FAMILY = "1,2";
				TEST_HOST = "$(BUILT_PRODUCTS_DIR)/MEAL.app/$(BUNDLE_EXECUTABLE_FOLDER_PATH)/MEAL";
			};
			name = Debug;
		};
		B01E09C729F23BB400012A92 /* Release */ = {
			isa = XCBuildConfiguration;
			buildSettings = {
				ALWAYS_EMBED_SWIFT_STANDARD_LIBRARIES = YES;
				BUNDLE_LOADER = "$(TEST_HOST)";
				CODE_SIGN_STYLE = Automatic;
				CURRENT_PROJECT_VERSION = 1;
				GENERATE_INFOPLIST_FILE = YES;
				IPHONEOS_DEPLOYMENT_TARGET = 16.4;
				MARKETING_VERSION = 1.0;
				PRODUCT_BUNDLE_IDENTIFIER = com.meal.MEALTests;
				PRODUCT_NAME = "$(TARGET_NAME)";
				SWIFT_EMIT_LOC_STRINGS = NO;
				SWIFT_VERSION = 5.0;
				TARGETED_DEVICE_FAMILY = "1,2";
				TEST_HOST = "$(BUILT_PRODUCTS_DIR)/MEAL.app/$(BUNDLE_EXECUTABLE_FOLDER_PATH)/MEAL";
			};
			name = Release;
		};
		B01E09C929F23BB400012A92 /* Debug */ = {
			isa = XCBuildConfiguration;
			buildSettings = {
				ALWAYS_EMBED_SWIFT_STANDARD_LIBRARIES = YES;
				CODE_SIGN_STYLE = Automatic;
				CURRENT_PROJECT_VERSION = 1;
				GENERATE_INFOPLIST_FILE = YES;
				MARKETING_VERSION = 1.0;
				PRODUCT_BUNDLE_IDENTIFIER = com.meal.MEALUITests;
				PRODUCT_NAME = "$(TARGET_NAME)";
				SWIFT_EMIT_LOC_STRINGS = NO;
				SWIFT_VERSION = 5.0;
				TARGETED_DEVICE_FAMILY = "1,2";
				TEST_TARGET_NAME = MEAL;
			};
			name = Debug;
		};
		B01E09CA29F23BB400012A92 /* Release */ = {
			isa = XCBuildConfiguration;
			buildSettings = {
				ALWAYS_EMBED_SWIFT_STANDARD_LIBRARIES = YES;
				CODE_SIGN_STYLE = Automatic;
				CURRENT_PROJECT_VERSION = 1;
				GENERATE_INFOPLIST_FILE = YES;
				MARKETING_VERSION = 1.0;
				PRODUCT_BUNDLE_IDENTIFIER = com.meal.MEALUITests;
				PRODUCT_NAME = "$(TARGET_NAME)";
				SWIFT_EMIT_LOC_STRINGS = NO;
				SWIFT_VERSION = 5.0;
				TARGETED_DEVICE_FAMILY = "1,2";
				TEST_TARGET_NAME = MEAL;
			};
			name = Release;
		};
/* End XCBuildConfiguration section */

/* Begin XCConfigurationList section */
		B01E099329F23BB300012A92 /* Build configuration list for PBXProject "MEAL" */ = {
			isa = XCConfigurationList;
			buildConfigurations = (
				B01E09C029F23BB400012A92 /* Debug */,
				B01E09C129F23BB400012A92 /* Release */,
			);
			defaultConfigurationIsVisible = 0;
			defaultConfigurationName = Release;
		};
		B01E09C229F23BB400012A92 /* Build configuration list for PBXNativeTarget "MEAL" */ = {
			isa = XCConfigurationList;
			buildConfigurations = (
				B01E09C329F23BB400012A92 /* Debug */,
				B01E09C429F23BB400012A92 /* Release */,
			);
			defaultConfigurationIsVisible = 0;
			defaultConfigurationName = Release;
		};
		B01E09C529F23BB400012A92 /* Build configuration list for PBXNativeTarget "MEALTests" */ = {
			isa = XCConfigurationList;
			buildConfigurations = (
				B01E09C629F23BB400012A92 /* Debug */,
				B01E09C729F23BB400012A92 /* Release */,
			);
			defaultConfigurationIsVisible = 0;
			defaultConfigurationName = Release;
		};
		B01E09C829F23BB400012A92 /* Build configuration list for PBXNativeTarget "MEALUITests" */ = {
			isa = XCConfigurationList;
			buildConfigurations = (
				B01E09C929F23BB400012A92 /* Debug */,
				B01E09CA29F23BB400012A92 /* Release */,
			);
			defaultConfigurationIsVisible = 0;
			defaultConfigurationName = Release;
		};
/* End XCConfigurationList section */
	};
	rootObject = B01E099029F23BB300012A92 /* Project object */;
}
